<Solution>
  <Folder Name="/tools/Governance/">
    <Project Path="tools/Governance/SharedKernel.Analyzers/SharedKernel.Analyzers.csproj" />
    <Project Path="tools/Governance/SharedKernel.Analyzers/SharedKernel.Analyzers.Tests/SharedKernel.Analyzers.Tests.csproj" />
    <Project Path="tools/Governance/SharedKernel.ArchitectureTests/SharedKernel.ArchitectureTests.csproj" />
    <Project Path="tools/Governance/SharedKernel.ArchitectureTests/SharedKernel.ArchitectureTests.Tests/SharedKernel.ArchitectureTests.Tests.csproj" />
    <Project Path="tools/Governance/SharedKernel.Benchmarks/SharedKernel.Benchmarks.csproj" />
    <Project Path="tools/Governance/SharedKernel.Linter/SharedKernel.Linter.csproj" />
    <Project Path="tools/Governance/SharedKernel.Linter/SharedKernel.Linter.Tests/SharedKernel.Linter.Tests.csproj" />
  </Folder>
  <Folder Name="/src/Foundation/">
    <Project Path="src/Foundation/SharedKernel.Compression/SharedKernel.Compression.csproj" />
    <Project Path="src/Foundation/SharedKernel.Compression/SharedKernel.Compression.Tests/SharedKernel.Compression.Tests.csproj" />
    <Project Path="src/Foundation/SharedKernel.Configuration/SharedKernel.Configuration.csproj" />
    <Project Path="src/Foundation/SharedKernel.Configuration/SharedKernel.Configuration.Tests/SharedKernel.Configuration.Tests.csproj" />
    <Project Path="src/Foundation/SharedKernel.Core/SharedKernel.Core.csproj" />
    <Project Path="src/Foundation/SharedKernel.Core/SharedKernel.Core.Tests/SharedKernel.Core.Tests.csproj" />
    <Project Path="src/Foundation/SharedKernel.Cryptography/SharedKernel.Cryptography.csproj" />
    <Project Path="src/Foundation/SharedKernel.Cryptography/SharedKernel.Cryptography.Tests/SharedKernel.Cryptography.Tests.csproj" />
    <Project Path="src/Foundation/SharedKernel.Cryptography.Argon2/SharedKernel.Cryptography.Argon2.csproj" />
    <Project Path="src/Foundation/SharedKernel.Cryptography.Argon2/SharedKernel.Cryptography.Argon2.Tests/SharedKernel.Cryptography.Argon2.Tests.csproj" />
    <Project Path="src/Foundation/SharedKernel.Cryptography.KeyVault.Azure/SharedKernel.Cryptography.KeyVault.Azure.csproj" />
    <Project Path="src/Foundation/SharedKernel.Cryptography.KeyVault.Azure/SharedKernel.Cryptography.KeyVault.Azure.Tests/SharedKernel.Cryptography.KeyVault.Azure.Tests.csproj" />
    <Project Path="src/Foundation/SharedKernel.Cryptography.Testing/SharedKernel.Cryptography.Testing.Tests/SharedKernel.Cryptography.Testing.Tests.csproj" />
    <Project Path="src/Foundation/SharedKernel.Cryptography.Testing/SharedKernel.Cryptography.Testing.csproj" />
    <Project Path="src/Foundation/SharedKernel.Execution/SharedKernel.Execution.csproj" />
    <Project Path="src/Foundation/SharedKernel.Execution/SharedKernel.Execution.Tests/SharedKernel.Execution.Tests.csproj" />
    <Project Path="src/Foundation/SharedKernel.DataPrivacy/SharedKernel.DataPrivacy.csproj" />
    <Project Path="src/Foundation/SharedKernel.DataPrivacy/SharedKernel.DataPrivacy.Tests/SharedKernel.DataPrivacy.Tests.csproj" />
    <Project Path="src/Foundation/SharedKernel.FeatureManagement.Testing/SharedKernel.FeatureManagement.Testing.Tests/SharedKernel.FeatureManagement.Testing.Tests.csproj" />
    <Project Path="src/Foundation/SharedKernel.FeatureManagement.Testing/SharedKernel.FeatureManagement.Testing.csproj" />
    <Project Path="src/Foundation/SharedKernel.FeatureManagement/SharedKernel.FeatureManagement.csproj" />
    <Project Path="src/Foundation/SharedKernel.FeatureManagement/SharedKernel.FeatureManagement.Tests/SharedKernel.FeatureManagement.Tests.csproj" />
    <Project Path="src/Foundation/SharedKernel.Localization/SharedKernel.Localization.csproj" />
    <Project Path="src/Foundation/SharedKernel.Localization/SharedKernel.Localization.Tests/SharedKernel.Localization.Tests.csproj" />
    <Project Path="src/Foundation/SharedKernel.Primitives/SharedKernel.Primitives.csproj" />
    <Project Path="src/Foundation/SharedKernel.Primitives/SharedKernel.Primitives.Tests/SharedKernel.Primitives.Tests.csproj" />
    <Project Path="src/Foundation/SharedKernel.Validation/SharedKernel.Validation.csproj" />
    <Project Path="src/Foundation/SharedKernel.Validation/SharedKernel.Validation.Tests/SharedKernel.Validation.Tests.csproj" />
    <Project Path="src/Foundation/SharedKernel.Validation.FluentValidation/SharedKernel.Validation.FluentValidation.csproj" />
    <Project Path="src/Foundation/SharedKernel.Validation.FluentValidation/SharedKernel.Validation.FluentValidation.Tests/SharedKernel.Validation.FluentValidation.Tests.csproj" />
  </Folder>
  <Folder Name="/src/Infrastructure/Caching/">
    <Project Path="src/Infrastructure/Caching/SharedKernel.Caching.Abstractions/SharedKernel.Caching.Abstractions.csproj" />
    <Project Path="src/Infrastructure/Caching/SharedKernel.Caching.Abstractions/SharedKernel.Caching.Abstractions.Tests/SharedKernel.Caching.Abstractions.Tests.csproj" />
    <Project Path="src/Infrastructure/Caching/SharedKernel.Caching.Redis.Core/SharedKernel.Caching.Redis.Core.csproj" />
    <Project Path="src/Infrastructure/Caching/SharedKernel.Caching.Redis.Core/SharedKernel.Caching.Redis.Core.Tests/SharedKernel.Caching.Redis.Core.Tests.csproj" />
    <Project Path="src/Infrastructure/Caching/SharedKernel.Caching.Redis/SharedKernel.Caching.Redis.csproj" />
    <Project Path="src/Infrastructure/Caching/SharedKernel.Caching.Redis/SharedKernel.Caching.Redis.Tests/SharedKernel.Caching.Redis.Tests.csproj" />
    <Project Path="src/Infrastructure/Caching/SharedKernel.Caching.Redis.DistributedLocking/SharedKernel.Caching.Redis.DistributedLocking.csproj" />
    <Project Path="src/Infrastructure/Caching/SharedKernel.Caching.Redis.DistributedLocking/SharedKernel.Caching.Redis.DistributedLocking.Tests/SharedKernel.Caching.Redis.DistributedLocking.Tests.csproj" />
    <Project Path="src/Infrastructure/Caching/SharedKernel.Caching.Redis.HashStore/SharedKernel.Caching.Redis.HashStore.csproj" />
    <Project Path="src/Infrastructure/Caching/SharedKernel.Caching.Redis.HashStore/SharedKernel.Caching.Redis.HashStore.Tests/SharedKernel.Caching.Redis.HashStore.Tests.csproj" />
    <Project Path="src/Infrastructure/Caching/SharedKernel.Caching.Redis.PubSub/SharedKernel.Caching.Redis.PubSub.csproj" />
    <Project Path="src/Infrastructure/Caching/SharedKernel.Caching.Redis.PubSub/SharedKernel.Caching.Redis.PubSub.Tests/SharedKernel.Caching.Redis.PubSub.Tests.csproj" />
    <Project Path="src/Infrastructure/Caching/SharedKernel.Caching.FusionCache/SharedKernel.Caching.FusionCache.csproj" />
    <Project Path="src/Infrastructure/Caching/SharedKernel.Caching.FusionCache/SharedKernel.Caching.FusionCache.Tests/SharedKernel.Caching.FusionCache.Tests.csproj" />
    <Project Path="src/Infrastructure/Caching/SharedKernel.Caching.Redis.Testing/SharedKernel.Caching.Redis.Testing.Tests/SharedKernel.Caching.Redis.Testing.Tests.csproj" />
    <Project Path="src/Infrastructure/Caching/SharedKernel.Caching.Redis.Testing/SharedKernel.Caching.Redis.Testing.csproj" />
    <Project Path="src/Infrastructure/Caching/SharedKernel.Caching.Testing/SharedKernel.Caching.Testing.Tests/SharedKernel.Caching.Testing.Tests.csproj" />
    <Project Path="src/Infrastructure/Caching/SharedKernel.Caching.Testing/SharedKernel.Caching.Testing.csproj" />
  </Folder>
  <Folder Name="/src/Model/Domain/">
    <Project Path="src/Model/Domain/SharedKernel.Domain/SharedKernel.Domain.csproj" />
    <Project Path="src/Model/Domain/SharedKernel.Domain/SharedKernel.Domain.Tests/SharedKernel.Domain.Tests.csproj" />
  </Folder>
  <Folder Name="/src/Model/Contracts/">
    <Project Path="src/Model/Contracts/SharedKernel.Contracts/SharedKernel.Contracts.csproj" />
    <Project Path="src/Model/Contracts/SharedKernel.Contracts/SharedKernel.Contracts.Tests/SharedKernel.Contracts.Tests.csproj" />
  </Folder>
  <Folder Name="/src/Application/">
    <Project Path="src/Application/SharedKernel.Application.Mediator.MediatR/SharedKernel.Application.Mediator.MediatR.csproj" />
    <Project Path="src/Application/SharedKernel.Application.Mediator.MediatR/SharedKernel.Application.Mediator.MediatR.Tests/SharedKernel.Application.Mediator.MediatR.Tests.csproj" />
    <Project Path="src/Application/SharedKernel.Application.Pipeline.Caching/SharedKernel.Application.Pipeline.Caching.csproj" />
    <Project Path="src/Application/SharedKernel.Application.Pipeline.Caching/SharedKernel.Application.Pipeline.Caching.Tests/SharedKernel.Application.Pipeline.Caching.Tests.csproj" />
    <Project Path="src/Application/SharedKernel.Application.Pipeline/SharedKernel.Application.Pipeline.csproj" />
    <Project Path="src/Application/SharedKernel.Application.Pipeline/SharedKernel.Application.Pipeline.Tests/SharedKernel.Application.Pipeline.Tests.csproj" />
    <Project Path="src/Application/SharedKernel.Application.Testing/SharedKernel.Application.Testing.Tests/SharedKernel.Application.Testing.Tests.csproj" />
    <Project Path="src/Application/SharedKernel.Application.Testing/SharedKernel.Application.Testing.csproj" />
    <Project Path="src/Application/SharedKernel.Application/SharedKernel.Application.csproj" />
    <Project Path="src/Application/SharedKernel.Application/SharedKernel.Application.Tests/SharedKernel.Application.Tests.csproj" />
  </Folder>
  <Folder Name="/src/Infrastructure/Persistence/">
    <Project Path="src/Infrastructure/Persistence/SharedKernel.Persistence.Abstractions/SharedKernel.Persistence.Abstractions.csproj" />
    <Project Path="src/Infrastructure/Persistence/SharedKernel.Persistence.Abstractions/SharedKernel.Persistence.Abstractions.Tests/SharedKernel.Persistence.Abstractions.Tests.csproj" />
    <Project Path="src/Infrastructure/Persistence/SharedKernel.Persistence.Dapper/SharedKernel.Persistence.Dapper.csproj" />
    <Project Path="src/Infrastructure/Persistence/SharedKernel.Persistence.Dapper/SharedKernel.Persistence.Dapper.Tests/SharedKernel.Persistence.Dapper.Tests.csproj" />
    <Project Path="src/Infrastructure/Persistence/SharedKernel.Persistence.EfCore/SharedKernel.Persistence.EfCore.csproj" />
    <Project Path="src/Infrastructure/Persistence/SharedKernel.Persistence.EfCore/SharedKernel.Persistence.EfCore.Integration.Tests/SharedKernel.Persistence.EfCore.Integration.Tests.csproj" />
    <Project Path="src/Infrastructure/Persistence/SharedKernel.Persistence.EfCore/SharedKernel.Persistence.EfCore.Tests/SharedKernel.Persistence.EfCore.Tests.csproj" />
    <Project Path="src/Infrastructure/Persistence/SharedKernel.Persistence.EfCore.Auditing/SharedKernel.Persistence.EfCore.Auditing.csproj" />
    <Project Path="src/Infrastructure/Persistence/SharedKernel.Persistence.EfCore.Auditing/SharedKernel.Persistence.EfCore.Auditing.Tests/SharedKernel.Persistence.EfCore.Auditing.Tests.csproj" />
    <Project Path="src/Infrastructure/Persistence/SharedKernel.Persistence.EfCore.Encryption/SharedKernel.Persistence.EfCore.Encryption.csproj" />
    <Project Path="src/Infrastructure/Persistence/SharedKernel.Persistence.EfCore.Encryption/SharedKernel.Persistence.EfCore.Encryption.Tests/SharedKernel.Persistence.EfCore.Encryption.Tests.csproj" />
    <Project Path="src/Infrastructure/Persistence/SharedKernel.Persistence.Npgsql/SharedKernel.Persistence.Npgsql.csproj" />
    <Project Path="src/Infrastructure/Persistence/SharedKernel.Persistence.Npgsql/SharedKernel.Persistence.Npgsql.Tests/SharedKernel.Persistence.Npgsql.Tests.csproj" />
    <Project Path="src/Infrastructure/Persistence/SharedKernel.Persistence.Testing/SharedKernel.Persistence.Testing.Tests/SharedKernel.Persistence.Testing.Tests.csproj" />
    <Project Path="src/Infrastructure/Persistence/SharedKernel.Persistence.Testing/SharedKernel.Persistence.Testing.csproj" />
  </Folder>
  <Folder Name="/src/Infrastructure/Messaging/">
    <Project Path="src/Infrastructure/Messaging/SharedKernel.Messaging.Abstractions/SharedKernel.Messaging.Abstractions.csproj" />
    <Project Path="src/Infrastructure/Messaging/SharedKernel.Messaging.Abstractions/SharedKernel.Messaging.Abstractions.Tests/SharedKernel.Messaging.Abstractions.Tests.csproj" />
    <Project Path="src/Infrastructure/Messaging/SharedKernel.Messaging.MassTransit/SharedKernel.Messaging.MassTransit.csproj" />
    <Project Path="src/Infrastructure/Messaging/SharedKernel.Messaging.MassTransit/SharedKernel.Messaging.MassTransit.Tests/SharedKernel.Messaging.MassTransit.Tests.csproj" />
    <Project Path="src/Infrastructure/Messaging/SharedKernel.Messaging.MassTransit.AzureServiceBus/SharedKernel.Messaging.MassTransit.AzureServiceBus.csproj" />
    <Project Path="src/Infrastructure/Messaging/SharedKernel.Messaging.MassTransit.AzureServiceBus/SharedKernel.Messaging.MassTransit.AzureServiceBus.Tests/SharedKernel.Messaging.MassTransit.AzureServiceBus.Tests.csproj" />
    <Project Path="src/Infrastructure/Messaging/SharedKernel.Messaging.MassTransit.EfCore/SharedKernel.Messaging.MassTransit.EfCore.csproj" />
    <Project Path="src/Infrastructure/Messaging/SharedKernel.Messaging.MassTransit.EfCore/SharedKernel.Messaging.MassTransit.EfCore.Integration.Tests/SharedKernel.Messaging.MassTransit.EfCore.Integration.Tests.csproj" />
    <Project Path="src/Infrastructure/Messaging/SharedKernel.Messaging.MassTransit.EfCore/SharedKernel.Messaging.MassTransit.EfCore.Tests/SharedKernel.Messaging.MassTransit.EfCore.Tests.csproj" />
    <Project Path="src/Infrastructure/Messaging/SharedKernel.Messaging.MassTransit.RabbitMq/SharedKernel.Messaging.MassTransit.RabbitMq.csproj" />
    <Project Path="src/Infrastructure/Messaging/SharedKernel.Messaging.MassTransit.RabbitMq/SharedKernel.Messaging.MassTransit.RabbitMq.Tests/SharedKernel.Messaging.MassTransit.RabbitMq.Tests.csproj" />
    <Project Path="src/Infrastructure/Messaging/SharedKernel.Messaging.Testing/SharedKernel.Messaging.Testing.Tests/SharedKernel.Messaging.Testing.Tests.csproj" />
    <Project Path="src/Infrastructure/Messaging/SharedKernel.Messaging.Testing/SharedKernel.Messaging.Testing.csproj" />
    <Project Path="src/Infrastructure/Messaging/consumer-verify/consumer-verify.csproj" />
  </Folder>
  <Folder Name="/src/Infrastructure/Storage/">
    <Project Path="src/Infrastructure/Storage/SharedKernel.Storage.Abstractions/SharedKernel.Storage.Abstractions.csproj" />
    <Project Path="src/Infrastructure/Storage/SharedKernel.Storage.Abstractions/SharedKernel.Storage.Abstractions.Tests/SharedKernel.Storage.Abstractions.Tests.csproj" />
    <Project Path="src/Infrastructure/Storage/SharedKernel.Storage.S3/SharedKernel.Storage.S3.csproj" />
    <Project Path="src/Infrastructure/Storage/SharedKernel.Storage.S3/SharedKernel.Storage.S3.Tests/SharedKernel.Storage.S3.Tests.csproj" />
    <Project Path="src/Infrastructure/Storage/SharedKernel.Storage.Obs/SharedKernel.Storage.Obs.csproj" />
    <Project Path="src/Infrastructure/Storage/SharedKernel.Storage.Obs/SharedKernel.Storage.Obs.Tests/SharedKernel.Storage.Obs.Tests.csproj" />
    <Project Path="src/Infrastructure/Storage/SharedKernel.Storage.Testing/SharedKernel.Storage.Testing.Tests/SharedKernel.Storage.Testing.Tests.csproj" />
    <Project Path="src/Infrastructure/Storage/SharedKernel.Storage.Testing/SharedKernel.Storage.Testing.csproj" />
    <Project Path="src/Infrastructure/Storage/consumer-verify/consumer-verify.csproj" />
  </Folder>
  <Folder Name="/src/Infrastructure/Search/">
    <Project Path="src/Infrastructure/Search/SharedKernel.Search.Abstractions/SharedKernel.Search.Abstractions.csproj" />
    <Project Path="src/Infrastructure/Search/SharedKernel.Search.Abstractions/SharedKernel.Search.Abstractions.Tests/SharedKernel.Search.Abstractions.Tests.csproj" />
    <Project Path="src/Infrastructure/Search/SharedKernel.Search.ElasticSearch/SharedKernel.Search.ElasticSearch.csproj" />
    <Project Path="src/Infrastructure/Search/SharedKernel.Search.ElasticSearch/SharedKernel.Search.ElasticSearch.Tests/SharedKernel.Search.ElasticSearch.Tests.csproj" />
    <Project Path="src/Infrastructure/Search/SharedKernel.Search.Meilisearch/SharedKernel.Search.Meilisearch.csproj" />
    <Project Path="src/Infrastructure/Search/SharedKernel.Search.Meilisearch/SharedKernel.Search.Meilisearch.Tests/SharedKernel.Search.Meilisearch.Tests.csproj" />
    <Project Path="src/Infrastructure/Search/SharedKernel.Search.Testing/SharedKernel.Search.Testing.Tests/SharedKernel.Search.Testing.Tests.csproj" />
    <Project Path="src/Infrastructure/Search/SharedKernel.Search.Testing/SharedKernel.Search.Testing.csproj" />
    <Project Path="src/Infrastructure/Search/consumer-verify/Meilisearch/consumer-verify.Meilisearch.csproj" />
    <Project Path="src/Infrastructure/Search/consumer-verify/ElasticSearch/consumer-verify.ElasticSearch.csproj" />
    <Project Path="src/Infrastructure/Search/consumer-verify/BothProviders/consumer-verify.BothProviders.csproj" />
  </Folder>
  <Folder Name="/src/Infrastructure/AI/">
    <Project Path="src/Infrastructure/AI/SharedKernel.AI.Abstractions/SharedKernel.AI.Abstractions.csproj" />
    <Project Path="src/Infrastructure/AI/SharedKernel.AI.Abstractions/SharedKernel.AI.Abstractions.Tests/SharedKernel.AI.Abstractions.Tests.csproj" />
    <Project Path="src/Infrastructure/AI/SharedKernel.AI.Qdrant/SharedKernel.AI.Qdrant.csproj" />
    <Project Path="src/Infrastructure/AI/SharedKernel.AI.Qdrant/SharedKernel.AI.Qdrant.Tests/SharedKernel.AI.Qdrant.Tests.csproj" />
    <Project Path="src/Infrastructure/AI/SharedKernel.AI.SemanticKernel/SharedKernel.AI.SemanticKernel.csproj" />
    <Project Path="src/Infrastructure/AI/SharedKernel.AI.SemanticKernel/SharedKernel.AI.SemanticKernel.Tests/SharedKernel.AI.SemanticKernel.Tests.csproj" />
    <Project Path="src/Infrastructure/AI/SharedKernel.AI.Testing/SharedKernel.AI.Testing.Tests/SharedKernel.AI.Testing.Tests.csproj" />
    <Project Path="src/Infrastructure/AI/SharedKernel.AI.Testing/SharedKernel.AI.Testing.csproj" />
    <Project Path="src/Infrastructure/AI/consumer-verify/Qdrant/consumer-verify.Qdrant.csproj" />
    <Project Path="src/Infrastructure/AI/consumer-verify/SemanticKernel/consumer-verify.SemanticKernel.csproj" />
  </Folder>
  <Folder Name="/src/Infrastructure/Communication/">
    <Project Path="src/Infrastructure/Communication/SharedKernel.Communication.Grpc/SharedKernel.Communication.Grpc.csproj" />
    <Project Path="src/Infrastructure/Communication/SharedKernel.Communication.Grpc/SharedKernel.Communication.Grpc.Tests/SharedKernel.Communication.Grpc.Tests.csproj" />
    <Project Path="src/Infrastructure/Communication/SharedKernel.Communication/SharedKernel.Communication.csproj" />
    <Project Path="src/Infrastructure/Communication/SharedKernel.Communication/SharedKernel.Communication.Tests/SharedKernel.Communication.Tests.csproj" />
    <Project Path="src/Infrastructure/Communication/SharedKernel.Communication.Rest/SharedKernel.Communication.Rest.csproj" />
    <Project Path="src/Infrastructure/Communication/SharedKernel.Communication.Rest/SharedKernel.Communication.Rest.Tests/SharedKernel.Communication.Rest.Tests.csproj" />
    <Project Path="src/Infrastructure/Communication/SharedKernel.Communication.Testing/SharedKernel.Communication.Testing.Tests/SharedKernel.Communication.Testing.Tests.csproj" />
    <Project Path="src/Infrastructure/Communication/SharedKernel.Communication.Testing/SharedKernel.Communication.Testing.csproj" />
    <Project Path="src/Infrastructure/Communication/consumer-verify/consumer-verify.csproj" />
  </Folder>
  <Folder Name="/src/Hosting/Security/">
    <Project Path="src/Hosting/Security/SharedKernel.Security.Abstractions/SharedKernel.Security.Abstractions.csproj" />
    <Project Path="src/Hosting/Security/SharedKernel.Security.Abstractions/SharedKernel.Security.Abstractions.Tests/SharedKernel.Security.Abstractions.Tests.csproj" />
    <Project Path="src/Hosting/Security/SharedKernel.Security.Oidc/SharedKernel.Security.Oidc.csproj" />
    <Project Path="src/Hosting/Security/SharedKernel.Security.Oidc/SharedKernel.Security.Oidc.Tests/SharedKernel.Security.Oidc.Tests.csproj" />
    <Project Path="src/Hosting/Security/SharedKernel.Security.ApiKey/SharedKernel.Security.ApiKey.csproj" />
    <Project Path="src/Hosting/Security/SharedKernel.Security.ApiKey/SharedKernel.Security.ApiKey.Tests/SharedKernel.Security.ApiKey.Tests.csproj" />
    <Project Path="src/Hosting/Security/SharedKernel.Security.Mtls/SharedKernel.Security.Mtls.csproj" />
    <Project Path="src/Hosting/Security/SharedKernel.Security.Mtls/SharedKernel.Security.Mtls.Tests/SharedKernel.Security.Mtls.Tests.csproj" />
    <Project Path="src/Hosting/Security/SharedKernel.Security.Testing/SharedKernel.Security.Testing.Tests/SharedKernel.Security.Testing.Tests.csproj" />
    <Project Path="src/Hosting/Security/SharedKernel.Security.Testing/SharedKernel.Security.Testing.csproj" />
    <Project Path="src/Hosting/Security/SharedKernel.Security.Totp/SharedKernel.Security.Totp.csproj" />
    <Project Path="src/Hosting/Security/SharedKernel.Security.Totp/SharedKernel.Security.Totp.Tests/SharedKernel.Security.Totp.Tests.csproj" />
  </Folder>
  <Folder Name="/src/Hosting/ServiceDefaults/">
    <Project Path="src/Hosting/ServiceDefaults/SharedKernel.MultiTenancy/SharedKernel.MultiTenancy.csproj" />
    <Project Path="src/Hosting/ServiceDefaults/SharedKernel.MultiTenancy/SharedKernel.MultiTenancy.Tests/SharedKernel.MultiTenancy.Tests.csproj" />
    <Project Path="src/Hosting/ServiceDefaults/SharedKernel.ServiceDefaults/SharedKernel.ServiceDefaults.csproj" />
    <Project Path="src/Hosting/ServiceDefaults/SharedKernel.ServiceDefaults/SharedKernel.ServiceDefaults.Tests/SharedKernel.ServiceDefaults.Tests.csproj" />
    <Project Path="src/Hosting/ServiceDefaults/SharedKernel.ServiceDefaults.Configuration.KeyVault/SharedKernel.ServiceDefaults.Configuration.KeyVault.csproj" />
    <Project Path="src/Hosting/ServiceDefaults/SharedKernel.ServiceDefaults.Configuration.KeyVault/SharedKernel.ServiceDefaults.Configuration.KeyVault.Tests/SharedKernel.ServiceDefaults.Configuration.KeyVault.Tests.csproj" />
    <Project Path="src/Hosting/ServiceDefaults/SharedKernel.ServiceDefaults.Localization/SharedKernel.ServiceDefaults.Localization.csproj" />
    <Project Path="src/Hosting/ServiceDefaults/SharedKernel.ServiceDefaults.Localization/SharedKernel.ServiceDefaults.Localization.Tests/SharedKernel.ServiceDefaults.Localization.Tests.csproj" />
    <Project Path="src/Hosting/ServiceDefaults/SharedKernel.ServiceDefaults.Persistence/SharedKernel.ServiceDefaults.Persistence.csproj" />
    <Project Path="src/Hosting/ServiceDefaults/SharedKernel.ServiceDefaults.Persistence/SharedKernel.ServiceDefaults.Persistence.Tests/SharedKernel.ServiceDefaults.Persistence.Tests.csproj" />
    <Project Path="src/Hosting/ServiceDefaults/SharedKernel.ServiceDefaults.Security/SharedKernel.ServiceDefaults.Security.csproj" />
    <Project Path="src/Hosting/ServiceDefaults/SharedKernel.ServiceDefaults.Security/SharedKernel.ServiceDefaults.Security.Tests/SharedKernel.ServiceDefaults.Security.Tests.csproj" />
    <Project Path="src/Hosting/ServiceDefaults/SharedKernel.ServiceDefaults.Security.Mtls/SharedKernel.ServiceDefaults.Security.Mtls.csproj" />
    <Project Path="src/Hosting/ServiceDefaults/SharedKernel.ServiceDefaults.Security.Mtls/SharedKernel.ServiceDefaults.Security.Mtls.Tests/SharedKernel.ServiceDefaults.Security.Mtls.Tests.csproj" />
    <Project Path="src/Hosting/ServiceDefaults/SharedKernel.ServiceDefaults.Testing/SharedKernel.ServiceDefaults.Testing.Tests/SharedKernel.ServiceDefaults.Testing.Tests.csproj" />
    <Project Path="src/Hosting/ServiceDefaults/SharedKernel.ServiceDefaults.Testing/SharedKernel.ServiceDefaults.Testing.csproj" />
    <Project Path="src/Hosting/ServiceDefaults/consumer-verify/consumer-verify.csproj" />
  </Folder>
  <Folder Name="/src/Hosting/Presentation/">
    <Project Path="src/Hosting/Presentation/SharedKernel.Presentation.SignalR/SharedKernel.Presentation.SignalR.csproj" />
    <Project Path="src/Hosting/Presentation/SharedKernel.Presentation.SignalR/SharedKernel.Presentation.SignalR.Tests/SharedKernel.Presentation.SignalR.Tests.csproj" />
    <Project Path="src/Hosting/Presentation/SharedKernel.Presentation.Core/SharedKernel.Presentation.Core.csproj" />
    <Project Path="src/Hosting/Presentation/SharedKernel.Presentation.Core/SharedKernel.Presentation.Core.Tests/SharedKernel.Presentation.Core.Tests.csproj" />
    <Project Path="src/Hosting/Presentation/SharedKernel.Presentation.GraphQL/SharedKernel.Presentation.GraphQL.csproj" />
    <Project Path="src/Hosting/Presentation/SharedKernel.Presentation.GraphQL/SharedKernel.Presentation.GraphQL.Tests/SharedKernel.Presentation.GraphQL.Tests.csproj" />
    <Project Path="src/Hosting/Presentation/SharedKernel.Presentation.Grpc/SharedKernel.Presentation.Grpc.csproj" />
    <Project Path="src/Hosting/Presentation/SharedKernel.Presentation.Grpc/SharedKernel.Presentation.Grpc.Tests/SharedKernel.Presentation.Grpc.Tests.csproj" />
    <Project Path="src/Hosting/Presentation/SharedKernel.Presentation.WebApi/SharedKernel.Presentation.WebApi.csproj" />
    <Project Path="src/Hosting/Presentation/SharedKernel.Presentation.WebApi/SharedKernel.Presentation.WebApi.Tests/SharedKernel.Presentation.WebApi.Tests.csproj" />
    <Project Path="src/Hosting/Presentation/SharedKernel.Presentation.WebApi.Generators/SharedKernel.Presentation.WebApi.Generators.csproj" />
    <Project Path="src/Hosting/Presentation/SharedKernel.Presentation.WebApi.Generators/SharedKernel.Presentation.WebApi.Generators.Tests/SharedKernel.Presentation.WebApi.Generators.Tests.csproj" />
    <Project Path="src/Hosting/Presentation/SharedKernel.Presentation.OpenApi/SharedKernel.Presentation.OpenApi.csproj" />
    <Project Path="src/Hosting/Presentation/SharedKernel.Presentation.OpenApi/SharedKernel.Presentation.OpenApi.Tests/SharedKernel.Presentation.OpenApi.Tests.csproj" />
    <Project Path="src/Hosting/Presentation/SharedKernel.Presentation.Testing/SharedKernel.Presentation.Testing.Tests/SharedKernel.Presentation.Testing.Tests.csproj" />
    <Project Path="src/Hosting/Presentation/SharedKernel.Presentation.Testing/SharedKernel.Presentation.Testing.csproj" />
    <Project Path="src/Hosting/Presentation/consumer-verify/consumer-verify.csproj" />
  </Folder>
  <Folder Name="/src/Infrastructure/Integration/">
    <Project Path="src/Infrastructure/Integration/SharedKernel.Integration.Webhooks/SharedKernel.Integration.Webhooks.csproj" />
    <Project Path="src/Infrastructure/Integration/SharedKernel.Integration.Webhooks/SharedKernel.Integration.Webhooks.Tests/SharedKernel.Integration.Webhooks.Tests.csproj" />
    <Project Path="src/Infrastructure/Integration/SharedKernel.Integration.Notifications.Abstractions/SharedKernel.Integration.Notifications.Abstractions.csproj" />
    <Project Path="src/Infrastructure/Integration/SharedKernel.Integration.Notifications.Abstractions/SharedKernel.Integration.Notifications.Abstractions.Tests/SharedKernel.Integration.Notifications.Abstractions.Tests.csproj" />
    <Project Path="src/Infrastructure/Integration/SharedKernel.Integration.Notifications.Email.SendGrid/SharedKernel.Integration.Notifications.Email.SendGrid.csproj" />
    <Project Path="src/Infrastructure/Integration/SharedKernel.Integration.Notifications.Email.SendGrid/SharedKernel.Integration.Notifications.Email.SendGrid.Tests/SharedKernel.Integration.Notifications.Email.SendGrid.Tests.csproj" />
    <Project Path="src/Infrastructure/Integration/SharedKernel.Integration.Notifications.Sms.Twilio/SharedKernel.Integration.Notifications.Sms.Twilio.csproj" />
    <Project Path="src/Infrastructure/Integration/SharedKernel.Integration.Notifications.Sms.Twilio/SharedKernel.Integration.Notifications.Sms.Twilio.Tests/SharedKernel.Integration.Notifications.Sms.Twilio.Tests.csproj" />
    <Project Path="src/Infrastructure/Integration/SharedKernel.Integration.Testing/SharedKernel.Integration.Testing.Tests/SharedKernel.Integration.Testing.Tests.csproj" />
    <Project Path="src/Infrastructure/Integration/SharedKernel.Integration.Testing/SharedKernel.Integration.Testing.csproj" />
    <Project Path="src/Infrastructure/Integration/consumer-verify/consumer-verify.csproj" />
  </Folder>
  <Folder Name="/src/Testing/">
    <Project Path="src/Testing/SharedKernel.Testing.Internal/SharedKernel.Testing.Internal.csproj" />
    <Project Path="src/Testing/SharedKernel.Testing/SharedKernel.Testing.csproj" />
    <Project Path="src/Testing/SharedKernel.Testing.Internal/SharedKernel.Testing.Internal.Tests/SharedKernel.Testing.Internal.Tests.csproj" />
    <Project Path="src/Testing/SharedKernel.Testing/SharedKernel.Testing.Tests/SharedKernel.Testing.Tests.csproj" />
  </Folder>
  <Folder Name="/src/Infrastructure/Workflows/">
    <Project Path="src/Infrastructure/Workflows/SharedKernel.Workflows.Temporal/SharedKernel.Workflows.Temporal.csproj" />
    <Project Path="src/Infrastructure/Workflows/SharedKernel.Workflows.Temporal/SharedKernel.Workflows.Temporal.Tests/SharedKernel.Workflows.Temporal.Tests.csproj" />
    <Project Path="src/Infrastructure/Workflows/SharedKernel.Workflows.Testing/SharedKernel.Workflows.Testing.Tests/SharedKernel.Workflows.Testing.Tests.csproj" />
    <Project Path="src/Infrastructure/Workflows/SharedKernel.Workflows.Testing/SharedKernel.Workflows.Testing.csproj" />
    <Project Path="src/Infrastructure/Workflows/consumer-verify/consumer-verify.csproj" />
  </Folder>
  <Folder Name="/src/Infrastructure/Idempotency/">
    <Project Path="src/Infrastructure/Idempotency/SharedKernel.Idempotency.Abstractions/SharedKernel.Idempotency.Abstractions.csproj" />
    <Project Path="src/Infrastructure/Idempotency/SharedKernel.Idempotency.Abstractions/SharedKernel.Idempotency.Abstractions.Tests/SharedKernel.Idempotency.Abstractions.Tests.csproj" />
    <Project Path="src/Infrastructure/Idempotency/SharedKernel.Idempotency.Redis/SharedKernel.Idempotency.Redis.csproj" />
    <Project Path="src/Infrastructure/Idempotency/SharedKernel.Idempotency.Redis/SharedKernel.Idempotency.Redis.Tests/SharedKernel.Idempotency.Redis.Tests.csproj" />
    <Project Path="src/Infrastructure/Idempotency/SharedKernel.Idempotency.EfCore/SharedKernel.Idempotency.EfCore.csproj" />
    <Project Path="src/Infrastructure/Idempotency/SharedKernel.Idempotency.EfCore/SharedKernel.Idempotency.EfCore.Tests/SharedKernel.Idempotency.EfCore.Tests.csproj" />
    <Project Path="src/Infrastructure/Idempotency/SharedKernel.Idempotency.Testing/SharedKernel.Idempotency.Testing.Tests/SharedKernel.Idempotency.Testing.Tests.csproj" />
    <Project Path="src/Infrastructure/Idempotency/SharedKernel.Idempotency.Testing/SharedKernel.Idempotency.Testing.csproj" />
  </Folder>
  <Folder Name="/src/Infrastructure/Scheduling/">
    <Project Path="src/Infrastructure/Scheduling/SharedKernel.Scheduling.Testing/SharedKernel.Scheduling.Testing.Tests/SharedKernel.Scheduling.Testing.Tests.csproj" />
    <Project Path="src/Infrastructure/Scheduling/SharedKernel.Scheduling.Testing/SharedKernel.Scheduling.Testing.csproj" />
    <Project Path="src/Infrastructure/Scheduling/SharedKernel.Scheduling/SharedKernel.Scheduling.csproj" />
    <Project Path="src/Infrastructure/Scheduling/SharedKernel.Scheduling/SharedKernel.Scheduling.Tests/SharedKernel.Scheduling.Tests.csproj" />
    <Project Path="src/Infrastructure/Scheduling/consumer-verify/consumer-verify.csproj" />
  </Folder>
  <Folder Name="/src/Infrastructure/Reporting/">
    <Project Path="src/Infrastructure/Reporting/SharedKernel.Reporting.Abstractions/SharedKernel.Reporting.Abstractions.csproj" />
    <Project Path="src/Infrastructure/Reporting/SharedKernel.Reporting.Abstractions/SharedKernel.Reporting.Abstractions.Tests/SharedKernel.Reporting.Abstractions.Tests.csproj" />
    <Project Path="src/Infrastructure/Reporting/SharedKernel.Reporting.Csv/SharedKernel.Reporting.Csv.csproj" />
    <Project Path="src/Infrastructure/Reporting/SharedKernel.Reporting.Csv/SharedKernel.Reporting.Csv.Tests/SharedKernel.Reporting.Csv.Tests.csproj" />
    <Project Path="src/Infrastructure/Reporting/SharedKernel.Reporting.Gotenberg/SharedKernel.Reporting.Gotenberg.csproj" />
    <Project Path="src/Infrastructure/Reporting/SharedKernel.Reporting.Gotenberg/SharedKernel.Reporting.Gotenberg.Tests/SharedKernel.Reporting.Gotenberg.Tests.csproj" />
    <Project Path="src/Infrastructure/Reporting/SharedKernel.Reporting.Spreadsheet/SharedKernel.Reporting.Spreadsheet.csproj" />
    <Project Path="src/Infrastructure/Reporting/SharedKernel.Reporting.Spreadsheet/SharedKernel.Reporting.Spreadsheet.Tests/SharedKernel.Reporting.Spreadsheet.Tests.csproj" />
    <Project Path="src/Infrastructure/Reporting/SharedKernel.Reporting.Pdf/SharedKernel.Reporting.Pdf.csproj" />
    <Project Path="src/Infrastructure/Reporting/SharedKernel.Reporting.Pdf/SharedKernel.Reporting.Pdf.Tests/SharedKernel.Reporting.Pdf.Tests.csproj" />
    <Project Path="src/Infrastructure/Reporting/SharedKernel.Reporting.Testing/SharedKernel.Reporting.Testing.Tests/SharedKernel.Reporting.Testing.Tests.csproj" />
    <Project Path="src/Infrastructure/Reporting/SharedKernel.Reporting.Testing/SharedKernel.Reporting.Testing.csproj" />
    <Project Path="src/Infrastructure/Reporting/consumer-verify/consumer-verify.csproj" />
  </Folder>
</Solution>
