<Solution>
  <Folder Name="/00.Governance/">
    <Project Path="00.Governance/SharedKernel.Analyzers/SharedKernel.Analyzers.csproj" />
    <Project Path="00.Governance/SharedKernel.Analyzers/SharedKernel.Analyzers.Tests/SharedKernel.Analyzers.Tests.csproj" />
    <Project Path="00.Governance/SharedKernel.ArchitectureTests/SharedKernel.ArchitectureTests.csproj" />
    <Project Path="00.Governance/SharedKernel.ArchitectureTests/SharedKernel.ArchitectureTests.Tests/SharedKernel.ArchitectureTests.Tests.csproj" />
    <Project Path="00.Governance/SharedKernel.Benchmarks/SharedKernel.Benchmarks.csproj" />
    <Project Path="00.Governance/SharedKernel.Linter/SharedKernel.Linter.csproj" />
    <Project Path="00.Governance/SharedKernel.Linter/SharedKernel.Linter.Tests/SharedKernel.Linter.Tests.csproj" />
  </Folder>
  <Folder Name="/01.Core/">
    <Project Path="01.Core/SharedKernel.Compression/SharedKernel.Compression.csproj" />
    <Project Path="01.Core/SharedKernel.Compression/SharedKernel.Compression.Tests/SharedKernel.Compression.Tests.csproj" />
    <Project Path="01.Core/SharedKernel.Configuration/SharedKernel.Configuration.csproj" />
    <Project Path="01.Core/SharedKernel.Configuration/SharedKernel.Configuration.Tests/SharedKernel.Configuration.Tests.csproj" />
    <Project Path="01.Core/SharedKernel.Core/SharedKernel.Core.csproj" />
    <Project Path="01.Core/SharedKernel.Core/SharedKernel.Core.Tests/SharedKernel.Core.Tests.csproj" />
    <Project Path="01.Core/SharedKernel.Cryptography/SharedKernel.Cryptography.csproj" />
    <Project Path="01.Core/SharedKernel.Cryptography/SharedKernel.Cryptography.Tests/SharedKernel.Cryptography.Tests.csproj" />
    <Project Path="01.Core/SharedKernel.Cryptography.Argon2/SharedKernel.Cryptography.Argon2.csproj" />
    <Project Path="01.Core/SharedKernel.Cryptography.Argon2/SharedKernel.Cryptography.Argon2.Tests/SharedKernel.Cryptography.Argon2.Tests.csproj" />
    <Project Path="01.Core/SharedKernel.Cryptography.KeyVault.Azure/SharedKernel.Cryptography.KeyVault.Azure.csproj" />
    <Project Path="01.Core/SharedKernel.Cryptography.KeyVault.Azure/SharedKernel.Cryptography.KeyVault.Azure.Tests/SharedKernel.Cryptography.KeyVault.Azure.Tests.csproj" />
    <Project Path="01.Core/SharedKernel.DataPrivacy/SharedKernel.DataPrivacy.csproj" />
    <Project Path="01.Core/SharedKernel.DataPrivacy/SharedKernel.DataPrivacy.Tests/SharedKernel.DataPrivacy.Tests.csproj" />
    <Project Path="01.Core/SharedKernel.FeatureManagement/SharedKernel.FeatureManagement.csproj" />
    <Project Path="01.Core/SharedKernel.FeatureManagement/SharedKernel.FeatureManagement.Tests/SharedKernel.FeatureManagement.Tests.csproj" />
    <Project Path="01.Core/SharedKernel.Localization/SharedKernel.Localization.csproj" />
    <Project Path="01.Core/SharedKernel.Localization/SharedKernel.Localization.Tests/SharedKernel.Localization.Tests.csproj" />
    <Project Path="01.Core/SharedKernel.Primitives/SharedKernel.Primitives.csproj" />
    <Project Path="01.Core/SharedKernel.Primitives/SharedKernel.Primitives.Tests/SharedKernel.Primitives.Tests.csproj" />
    <Project Path="01.Core/SharedKernel.Validation/SharedKernel.Validation.csproj" />
    <Project Path="01.Core/SharedKernel.Validation/SharedKernel.Validation.Tests/SharedKernel.Validation.Tests.csproj" />
    <Project Path="01.Core/SharedKernel.Validation.FluentValidation/SharedKernel.Validation.FluentValidation.csproj" />
    <Project Path="01.Core/SharedKernel.Validation.FluentValidation/SharedKernel.Validation.FluentValidation.Tests/SharedKernel.Validation.FluentValidation.Tests.csproj" />
  </Folder>
  <Folder Name="/02.Caching/">
    <Project Path="02.Caching/SharedKernel.Caching.Abstractions/SharedKernel.Caching.Abstractions.csproj" />
    <Project Path="02.Caching/SharedKernel.Caching.Redis.Core/SharedKernel.Caching.Redis.Core.csproj" />
    <Project Path="02.Caching/SharedKernel.Caching.Redis.Core/SharedKernel.Caching.Redis.Core.Tests/SharedKernel.Caching.Redis.Core.Tests.csproj" />
    <Project Path="02.Caching/SharedKernel.Caching.Redis/SharedKernel.Caching.Redis.csproj" />
    <Project Path="02.Caching/SharedKernel.Caching.Redis/SharedKernel.Caching.Redis.Tests/SharedKernel.Caching.Redis.Tests.csproj" />
    <Project Path="02.Caching/SharedKernel.Caching.Redis.DistributedLocking/SharedKernel.Caching.Redis.DistributedLocking.csproj" />
    <Project Path="02.Caching/SharedKernel.Caching.Redis.DistributedLocking/SharedKernel.Caching.Redis.DistributedLocking.Tests/SharedKernel.Caching.Redis.DistributedLocking.Tests.csproj" />
    <Project Path="02.Caching/SharedKernel.Caching.Redis.HashStore/SharedKernel.Caching.Redis.HashStore.csproj" />
    <Project Path="02.Caching/SharedKernel.Caching.Redis.HashStore/SharedKernel.Caching.Redis.HashStore.Tests/SharedKernel.Caching.Redis.HashStore.Tests.csproj" />
    <Project Path="02.Caching/SharedKernel.Caching.Redis.PubSub/SharedKernel.Caching.Redis.PubSub.csproj" />
    <Project Path="02.Caching/SharedKernel.Caching.Redis.PubSub/SharedKernel.Caching.Redis.PubSub.Tests/SharedKernel.Caching.Redis.PubSub.Tests.csproj" />
    <Project Path="02.Caching/SharedKernel.Caching.FusionCache/SharedKernel.Caching.FusionCache.csproj" />
    <Project Path="02.Caching/SharedKernel.Caching.FusionCache/SharedKernel.Caching.FusionCache.Tests/SharedKernel.Caching.FusionCache.Tests.csproj" />
  </Folder>
  <Folder Name="/03.Domain/">
    <Project Path="03.Domain/SharedKernel.Domain/SharedKernel.Domain.csproj" />
    <Project Path="03.Domain/SharedKernel.Domain/SharedKernel.Domain.Tests/SharedKernel.Domain.Tests.csproj" />
  </Folder>
  <Folder Name="/04.Contracts/">
    <Project Path="04.Contracts/SharedKernel.Contracts/SharedKernel.Contracts.csproj" />
    <Project Path="04.Contracts/SharedKernel.Contracts/SharedKernel.Contracts.Tests/SharedKernel.Contracts.Tests.csproj" />
    <Project Path="04.Contracts/consumer-verify/consumer-verify.csproj" />
  </Folder>
  <Folder Name="/05.Application/">
    <Project Path="05.Application/SharedKernel.Application.Behaviors/SharedKernel.Application.Behaviors.csproj" />
    <Project Path="05.Application/SharedKernel.Application.Behaviors/SharedKernel.Application.Behaviors.Tests/SharedKernel.Application.Behaviors.Tests.csproj" />
    <Project Path="05.Application/SharedKernel.Application/SharedKernel.Application.csproj" />
    <Project Path="05.Application/SharedKernel.Application/SharedKernel.Application.Tests/SharedKernel.Application.Tests.csproj" />
  </Folder>
  <Folder Name="/06.Persistence/">
    <Project Path="06.Persistence/SharedKernel.Persistence.Abstractions/SharedKernel.Persistence.Abstractions.csproj" />
    <Project Path="06.Persistence/SharedKernel.Persistence.Abstractions/SharedKernel.Persistence.Abstractions.Tests/SharedKernel.Persistence.Abstractions.Tests.csproj" />
    <Project Path="06.Persistence/SharedKernel.Persistence.Dapper/SharedKernel.Persistence.Dapper.csproj" />
    <Project Path="06.Persistence/SharedKernel.Persistence.Dapper/SharedKernel.Persistence.Dapper.Tests/SharedKernel.Persistence.Dapper.Tests.csproj" />
    <Project Path="06.Persistence/SharedKernel.Persistence.EfCore/SharedKernel.Persistence.EfCore.csproj" />
    <Project Path="06.Persistence/SharedKernel.Persistence.EfCore/SharedKernel.Persistence.EfCore.Tests/SharedKernel.Persistence.EfCore.Tests.csproj" />
    <Project Path="06.Persistence/SharedKernel.Persistence.PostgreSQL/SharedKernel.Persistence.PostgreSQL.csproj" />
    <Project Path="06.Persistence/SharedKernel.Persistence.PostgreSQL/SharedKernel.Persistence.PostgreSQL.Tests/SharedKernel.Persistence.PostgreSQL.Tests.csproj" />
  </Folder>
  <Folder Name="/07.Messaging/">
    <Project Path="07.Messaging/SharedKernel.Messaging.Abstractions/SharedKernel.Messaging.Abstractions.csproj" />
    <Project Path="07.Messaging/SharedKernel.Messaging.Abstractions/SharedKernel.Messaging.Abstractions.Tests/SharedKernel.Messaging.Abstractions.Tests.csproj" />
    <Project Path="07.Messaging/SharedKernel.Messaging.MassTransit/SharedKernel.Messaging.MassTransit.csproj" />
    <Project Path="07.Messaging/SharedKernel.Messaging.MassTransit/SharedKernel.Messaging.MassTransit.Tests/SharedKernel.Messaging.MassTransit.Tests.csproj" />
  </Folder>
  <Folder Name="/08.Storage/">
    <Project Path="08.Storage/SharedKernel.Storage.Abstractions/SharedKernel.Storage.Abstractions.csproj" />
    <Project Path="08.Storage/SharedKernel.Storage.Abstractions/SharedKernel.Storage.Abstractions.Tests/SharedKernel.Storage.Abstractions.Tests.csproj" />
    <Project Path="08.Storage/SharedKernel.Storage.S3/SharedKernel.Storage.S3.csproj" />
    <Project Path="08.Storage/SharedKernel.Storage.S3/SharedKernel.Storage.S3.Tests/SharedKernel.Storage.S3.Tests.csproj" />
    <Project Path="08.Storage/SharedKernel.Storage.Obs/SharedKernel.Storage.Obs.csproj" />
    <Project Path="08.Storage/SharedKernel.Storage.Obs/SharedKernel.Storage.Obs.Tests/SharedKernel.Storage.Obs.Tests.csproj" />
    <Project Path="08.Storage/consumer-verify/consumer-verify.csproj" />
  </Folder>
  <Folder Name="/09.Search/">
    <Project Path="09.Search/SharedKernel.Search.Abstractions/SharedKernel.Search.Abstractions.csproj" />
    <Project Path="09.Search/SharedKernel.Search.Abstractions/SharedKernel.Search.Abstractions.Tests/SharedKernel.Search.Abstractions.Tests.csproj" />
    <Project Path="09.Search/SharedKernel.Search.ElasticSearch/SharedKernel.Search.ElasticSearch.csproj" />
    <Project Path="09.Search/SharedKernel.Search.ElasticSearch/SharedKernel.Search.ElasticSearch.Tests/SharedKernel.Search.ElasticSearch.Tests.csproj" />
    <Project Path="09.Search/SharedKernel.Search.Meilisearch/SharedKernel.Search.Meilisearch.csproj" />
    <Project Path="09.Search/SharedKernel.Search.Meilisearch/SharedKernel.Search.Meilisearch.Tests/SharedKernel.Search.Meilisearch.Tests.csproj" />
    <Project Path="09.Search/consumer-verify/Meilisearch/consumer-verify.Meilisearch.csproj" />
    <Project Path="09.Search/consumer-verify/ElasticSearch/consumer-verify.ElasticSearch.csproj" />
    <Project Path="09.Search/consumer-verify/BothProviders/consumer-verify.BothProviders.csproj" />
  </Folder>
  <Folder Name="/10.Intelligence/">
    <Project Path="10.Intelligence/SharedKernel.AI.Abstractions/SharedKernel.AI.Abstractions.csproj" />
    <Project Path="10.Intelligence/SharedKernel.AI.Abstractions/SharedKernel.AI.Abstractions.Tests/SharedKernel.AI.Abstractions.Tests.csproj" />
    <Project Path="10.Intelligence/SharedKernel.AI.Qdrant/SharedKernel.AI.Qdrant.csproj" />
    <Project Path="10.Intelligence/SharedKernel.AI.Qdrant/SharedKernel.AI.Qdrant.Tests/SharedKernel.AI.Qdrant.Tests.csproj" />
    <Project Path="10.Intelligence/SharedKernel.AI.SemanticKernel/SharedKernel.AI.SemanticKernel.csproj" />
    <Project Path="10.Intelligence/SharedKernel.AI.SemanticKernel/SharedKernel.AI.SemanticKernel.Tests/SharedKernel.AI.SemanticKernel.Tests.csproj" />
    <Project Path="10.Intelligence/consumer-verify/Qdrant/consumer-verify.Qdrant.csproj" />
    <Project Path="10.Intelligence/consumer-verify/SemanticKernel/consumer-verify.SemanticKernel.csproj" />
  </Folder>
  <Folder Name="/11.Communication/">
    <Project Path="11.Communication/SharedKernel.Communication.GraphQL/SharedKernel.Communication.GraphQL.csproj" />
    <Project Path="11.Communication/SharedKernel.Communication.GraphQL/SharedKernel.Communication.GraphQL.Tests/SharedKernel.Communication.GraphQL.Tests.csproj" />
    <Project Path="11.Communication/SharedKernel.Communication.Grpc/SharedKernel.Communication.Grpc.csproj" />
    <Project Path="11.Communication/SharedKernel.Communication.Grpc/SharedKernel.Communication.Grpc.Tests/SharedKernel.Communication.Grpc.Tests.csproj" />
    <Project Path="11.Communication/SharedKernel.Communication.Internal/SharedKernel.Communication.Internal.csproj" />
    <Project Path="11.Communication/SharedKernel.Communication.Internal/SharedKernel.Communication.Internal.Tests/SharedKernel.Communication.Internal.Tests.csproj" />
    <Project Path="11.Communication/SharedKernel.Communication.Rest/SharedKernel.Communication.Rest.csproj" />
    <Project Path="11.Communication/SharedKernel.Communication.Rest/SharedKernel.Communication.Rest.Tests/SharedKernel.Communication.Rest.Tests.csproj" />
    <Project Path="11.Communication/consumer-verify/consumer-verify.csproj" />
  </Folder>
  <Folder Name="/12.Security/">
    <Project Path="12.Security/SharedKernel.Security.Abstractions/SharedKernel.Security.Abstractions.csproj" />
    <Project Path="12.Security/SharedKernel.Security.Abstractions/SharedKernel.Security.Abstractions.Tests/SharedKernel.Security.Abstractions.Tests.csproj" />
    <Project Path="12.Security/SharedKernel.Security.Oidc/SharedKernel.Security.Oidc.csproj" />
    <Project Path="12.Security/SharedKernel.Security.Oidc/SharedKernel.Security.Oidc.Tests/SharedKernel.Security.Oidc.Tests.csproj" />
    <Project Path="12.Security/SharedKernel.Security.ApiKey/SharedKernel.Security.ApiKey.csproj" />
    <Project Path="12.Security/SharedKernel.Security.ApiKey/SharedKernel.Security.ApiKey.Tests/SharedKernel.Security.ApiKey.Tests.csproj" />
    <Project Path="12.Security/SharedKernel.Security.Mtls/SharedKernel.Security.Mtls.csproj" />
    <Project Path="12.Security/SharedKernel.Security.Mtls/SharedKernel.Security.Mtls.Tests/SharedKernel.Security.Mtls.Tests.csproj" />
    <Project Path="12.Security/SharedKernel.Security.Totp/SharedKernel.Security.Totp.csproj" />
    <Project Path="12.Security/SharedKernel.Security.Totp/SharedKernel.Security.Totp.Tests/SharedKernel.Security.Totp.Tests.csproj" />
  </Folder>
  <Folder Name="/13.ServiceDefaults/">
    <Project Path="13.ServiceDefaults/SharedKernel.MultiTenancy/SharedKernel.MultiTenancy.csproj" />
    <Project Path="13.ServiceDefaults/SharedKernel.MultiTenancy/SharedKernel.MultiTenancy.Tests/SharedKernel.MultiTenancy.Tests.csproj" />
    <Project Path="13.ServiceDefaults/SharedKernel.ServiceDefaults/SharedKernel.ServiceDefaults.csproj" />
    <Project Path="13.ServiceDefaults/SharedKernel.ServiceDefaults/SharedKernel.ServiceDefaults.Tests/SharedKernel.ServiceDefaults.Tests.csproj" />
    <Project Path="13.ServiceDefaults/consumer-verify/consumer-verify.csproj" />
  </Folder>
  <Folder Name="/14.Presentation/">
    <Project Path="14.Presentation/SharedKernel.Presentation.SignalR/SharedKernel.Presentation.SignalR.csproj" />
    <Project Path="14.Presentation/SharedKernel.Presentation.SignalR/SharedKernel.Presentation.SignalR.Tests/SharedKernel.Presentation.SignalR.Tests.csproj" />
    <Project Path="14.Presentation/SharedKernel.Presentation.Grpc/SharedKernel.Presentation.Grpc.csproj" />
    <Project Path="14.Presentation/SharedKernel.Presentation.Grpc/SharedKernel.Presentation.Grpc.Tests/SharedKernel.Presentation.Grpc.Tests.csproj" />
    <Project Path="14.Presentation/SharedKernel.Presentation.WebApi/SharedKernel.Presentation.WebApi.csproj" />
    <Project Path="14.Presentation/SharedKernel.Presentation.WebApi/SharedKernel.Presentation.WebApi.Tests/SharedKernel.Presentation.WebApi.Tests.csproj" />
    <Project Path="14.Presentation/consumer-verify/consumer-verify.csproj" />
  </Folder>
  <Folder Name="/15.Integration/">
    <Project Path="15.Integration/SharedKernel.Integration.Webhooks/SharedKernel.Integration.Webhooks.csproj" />
    <Project Path="15.Integration/SharedKernel.Integration.Webhooks/SharedKernel.Integration.Webhooks.Tests/SharedKernel.Integration.Webhooks.Tests.csproj" />
    <Project Path="15.Integration/SharedKernel.Integration.Notifications.Abstractions/SharedKernel.Integration.Notifications.Abstractions.csproj" />
    <Project Path="15.Integration/SharedKernel.Integration.Notifications.Abstractions/SharedKernel.Integration.Notifications.Abstractions.Tests/SharedKernel.Integration.Notifications.Abstractions.Tests.csproj" />
    <Project Path="15.Integration/SharedKernel.Integration.Notifications.Email.SendGrid/SharedKernel.Integration.Notifications.Email.SendGrid.csproj" />
    <Project Path="15.Integration/SharedKernel.Integration.Notifications.Email.SendGrid/SharedKernel.Integration.Notifications.Email.SendGrid.Tests/SharedKernel.Integration.Notifications.Email.SendGrid.Tests.csproj" />
    <Project Path="15.Integration/SharedKernel.Integration.Notifications.Sms.Twilio/SharedKernel.Integration.Notifications.Sms.Twilio.csproj" />
    <Project Path="15.Integration/SharedKernel.Integration.Notifications.Sms.Twilio/SharedKernel.Integration.Notifications.Sms.Twilio.Tests/SharedKernel.Integration.Notifications.Sms.Twilio.Tests.csproj" />
    <Project Path="15.Integration/consumer-verify/consumer-verify.csproj" />
  </Folder>
  <Folder Name="/16.Testing/">
    <Project Path="16.Testing/SharedKernel.Testing/SharedKernel.Testing.csproj" />
    <Project Path="16.Testing/SharedKernel.Testing/SharedKernel.Testing.SelfTests/SharedKernel.Testing.SelfTests.csproj" />
  </Folder>
  <Folder Name="/17.Workflows/">
    <Project Path="17.Workflows/SharedKernel.Workflows.Temporal/SharedKernel.Workflows.Temporal.csproj" />
    <Project Path="17.Workflows/SharedKernel.Workflows.Temporal/SharedKernel.Workflows.Temporal.Tests/SharedKernel.Workflows.Temporal.Tests.csproj" />
    <Project Path="17.Workflows/consumer-verify/consumer-verify.csproj" />
  </Folder>
  <Folder Name="/18.Idempotency/">
    <Project Path="18.Idempotency/SharedKernel.Idempotency.Redis/SharedKernel.Idempotency.Redis.csproj" />
    <Project Path="18.Idempotency/SharedKernel.Idempotency.Redis/SharedKernel.Idempotency.Redis.Tests/SharedKernel.Idempotency.Redis.Tests.csproj" />
    <Project Path="18.Idempotency/SharedKernel.Idempotency.EfCore/SharedKernel.Idempotency.EfCore.csproj" />
    <Project Path="18.Idempotency/SharedKernel.Idempotency.EfCore/SharedKernel.Idempotency.EfCore.Tests/SharedKernel.Idempotency.EfCore.Tests.csproj" />
  </Folder>
  <Folder Name="/19.Scheduling/">
    <Project Path="19.Scheduling/SharedKernel.Scheduling/SharedKernel.Scheduling.csproj" />
    <Project Path="19.Scheduling/SharedKernel.Scheduling/SharedKernel.Scheduling.Tests/SharedKernel.Scheduling.Tests.csproj" />
    <Project Path="19.Scheduling/consumer-verify/consumer-verify.csproj" />
  </Folder>
  <Folder Name="/20.Reporting/">
    <Project Path="20.Reporting/SharedKernel.Reporting.Abstractions/SharedKernel.Reporting.Abstractions.csproj" />
    <Project Path="20.Reporting/SharedKernel.Reporting.Abstractions/SharedKernel.Reporting.Abstractions.Tests/SharedKernel.Reporting.Abstractions.Tests.csproj" />
    <Project Path="20.Reporting/SharedKernel.Reporting.Csv/SharedKernel.Reporting.Csv.csproj" />
    <Project Path="20.Reporting/SharedKernel.Reporting.Csv/SharedKernel.Reporting.Csv.Tests/SharedKernel.Reporting.Csv.Tests.csproj" />
    <Project Path="20.Reporting/SharedKernel.Reporting.Spreadsheet/SharedKernel.Reporting.Spreadsheet.csproj" />
    <Project Path="20.Reporting/SharedKernel.Reporting.Spreadsheet/SharedKernel.Reporting.Spreadsheet.Tests/SharedKernel.Reporting.Spreadsheet.Tests.csproj" />
    <Project Path="20.Reporting/SharedKernel.Reporting.Pdf/SharedKernel.Reporting.Pdf.csproj" />
    <Project Path="20.Reporting/SharedKernel.Reporting.Pdf/SharedKernel.Reporting.Pdf.Tests/SharedKernel.Reporting.Pdf.Tests.csproj" />
    <Project Path="20.Reporting/consumer-verify/consumer-verify.csproj" />
  </Folder>
</Solution>
